
Microsoft Visual Studio Solution File, Format Version 12.00
# Visual Studio Version 17
VisualStudioVersion = 17.8.34316.72
MinimumVisualStudioVersion = 10.0.40219.1
Project("{9A19103F-16F7-4668-BE54-9A1E7A4F7556}") = "Create a Game ( Guess The Number )", "Create a Game ( Guess The Number )\Create a Game ( Guess The Number ).csproj", "{05914ACC-4007-427F-AD3F-3EE6FC9DA69C}"
EndProject
Project("{9A19103F-16F7-4668-BE54-9A1E7A4F7556}") = "Create a CSV Program", "Create a CSV Program\Create a CSV Program.csproj", "{CC335F71-E17D-4001-B989-FD701E395B97}"
EndProject
Project("{2150E333-8FDC-42A3-9474-1A3956D46DE8}") = "Hamidreza", "Hamidreza", "{8750AA89-8CC7-4763-9BE7-051FF13E6F17}"
EndProject
Project("{9A19103F-16F7-4668-BE54-9A1E7A4F7556}") = "Tools", "Tools\Tools.csproj", "{61F6097A-495B-4FFE-B777-DB4A12636E0B}"
EndProject
Project("{9A19103F-16F7-4668-BE54-9A1E7A4F7556}") = "Extension Methods and Practice Solution Folder", "Extension Methods and Practice Solution Folder\Extension Methods and Practice Solution Folder.csproj", "{C056BC2E-0223-466C-9187-F047850C4E4F}"
EndProject
Project("{9A19103F-16F7-4668-BE54-9A1E7A4F7556}") = "Greeting Program", "Greeting Program\Greeting Program.csproj", "{655C2463-286E-45B5-8526-4152D748FDAC}"
EndProject
Project("{FAE04EC0-301F-11D3-BF4B-00C04F79EFBC}") = "Subfolder Selection Project", "Subfolder Selection Project\Subfolder Selection Project.csproj", "{30F2A62F-6E2F-4B3E-B25C-61AE5C7D9B61}"
EndProject
Global
	GlobalSection(SolutionConfigurationPlatforms) = preSolution
		Debug|Any CPU = Debug|Any CPU
		Release|Any CPU = Release|Any CPU
	EndGlobalSection
	GlobalSection(ProjectConfigurationPlatforms) = postSolution
		{05914ACC-4007-427F-AD3F-3EE6FC9DA69C}.Debug|Any CPU.ActiveCfg = Debug|Any CPU
		{05914ACC-4007-427F-AD3F-3EE6FC9DA69C}.Debug|Any CPU.Build.0 = Debug|Any CPU
		{05914ACC-4007-427F-AD3F-3EE6FC9DA69C}.Release|Any CPU.ActiveCfg = Release|Any CPU
		{05914ACC-4007-427F-AD3F-3EE6FC9DA69C}.Release|Any CPU.Build.0 = Release|Any CPU
		{CC335F71-E17D-4001-B989-FD701E395B97}.Debug|Any CPU.ActiveCfg = Debug|Any CPU
		{CC335F71-E17D-4001-B989-FD701E395B97}.Debug|Any CPU.Build.0 = Debug|Any CPU
		{CC335F71-E17D-4001-B989-FD701E395B97}.Release|Any CPU.ActiveCfg = Release|Any CPU
		{CC335F71-E17D-4001-B989-FD701E395B97}.Release|Any CPU.Build.0 = Release|Any CPU
		{61F6097A-495B-4FFE-B777-DB4A12636E0B}.Debug|Any CPU.ActiveCfg = Debug|Any CPU
		{61F6097A-495B-4FFE-B777-DB4A12636E0B}.Debug|Any CPU.Build.0 = Debug|Any CPU
		{61F6097A-495B-4FFE-B777-DB4A12636E0B}.Release|Any CPU.ActiveCfg = Release|Any CPU
		{61F6097A-495B-4FFE-B777-DB4A12636E0B}.Release|Any CPU.Build.0 = Release|Any CPU
		{C056BC2E-0223-466C-9187-F047850C4E4F}.Debug|Any CPU.ActiveCfg = Debug|Any CPU
		{C056BC2E-0223-466C-9187-F047850C4E4F}.Debug|Any CPU.Build.0 = Debug|Any CPU
		{C056BC2E-0223-466C-9187-F047850C4E4F}.Release|Any CPU.ActiveCfg = Release|Any CPU
		{C056BC2E-0223-466C-9187-F047850C4E4F}.Release|Any CPU.Build.0 = Release|Any CPU
		{655C2463-286E-45B5-8526-4152D748FDAC}.Debug|Any CPU.ActiveCfg = Debug|Any CPU
		{655C2463-286E-45B5-8526-4152D748FDAC}.Debug|Any CPU.Build.0 = Debug|Any CPU
		{655C2463-286E-45B5-8526-4152D748FDAC}.Release|Any CPU.ActiveCfg = Release|Any CPU
		{655C2463-286E-45B5-8526-4152D748FDAC}.Release|Any CPU.Build.0 = Release|Any CPU
		{30F2A62F-6E2F-4B3E-B25C-61AE5C7D9B61}.Debug|Any CPU.ActiveCfg = Debug|Any CPU
		{30F2A62F-6E2F-4B3E-B25C-61AE5C7D9B61}.Debug|Any CPU.Build.0 = Debug|Any CPU
		{30F2A62F-6E2F-4B3E-B25C-61AE5C7D9B61}.Release|Any CPU.ActiveCfg = Release|Any CPU
		{30F2A62F-6E2F-4B3E-B25C-61AE5C7D9B61}.Release|Any CPU.Build.0 = Release|Any CPU
	EndGlobalSection
	GlobalSection(SolutionProperties) = preSolution
		HideSolutionNode = FALSE
	EndGlobalSection
	GlobalSection(NestedProjects) = preSolution
		{61F6097A-495B-4FFE-B777-DB4A12636E0B} = {8750AA89-8CC7-4763-9BE7-051FF13E6F17}
	EndGlobalSection
	GlobalSection(ExtensibilityGlobals) = postSolution
		SolutionGuid = {072188EF-7C31-474C-9AE2-37DB6353AA85}
	EndGlobalSection
EndGlobal
